dependencies:
- name: base
  repository: file://./istio-charts/base
  version: 1.11.1
- name: istio-discovery
  repository: file://./istio-charts/istio-control/istio-discovery
  version: 1.11.1
- name: istio-ingress
  repository: file://./istio-charts/gateways/istio-ingress
  version: 1.11.1
- name: istio-egress
  repository: file://./istio-charts/gateways/istio-egress
  version: 1.11.1
digest: sha256:ff2a5dbf64a8363207fb42c17ccf10a080424d1d587183e6ea9bdbef5f8a39af
generated: "2021-08-27T09:53:34.772842+02:00"
